
Microsoft Visual Studio Solution File, Format Version 12.00
# Visual Studio Version 17
VisualStudioVersion = 17.1.32414.318
MinimumVisualStudioVersion = 10.0.40219.1
Project("{9A19103F-16F7-4668-BE54-9A1E7A4F7556}") = "MinimalAPIDemo", "MinimalAPIDemo\MinimalAPIDemo.csproj", "{B7E5E424-9611-48C3-BA7A-CAD3FABC3A54}"
EndProject
Project("{00D1A9C2-B5F0-4AF3-8072-F6C62B433612}") = "UserDB", "UserDB\UserDB.sqlproj", "{C4BB113D-82B3-4C79-86C2-7F471B4EEDB1}"
EndProject
Project("{FAE04EC0-301F-11D3-BF4B-00C04F79EFBC}") = "DataAccess", "DataAccess\DataAccess.csproj", "{C12AF2A4-38BB-4F3B-9214-105BF8352AF2}"
EndProject
Project("{2150E333-8FDC-42A3-9474-1A3956D46DE8}") = "Solution Items", "Solution Items", "{EE4F5EC4-96E0-4461-878C-2CC3787D739B}"
	ProjectSection(SolutionItems) = preProject
		.editorconfig = .editorconfig
	EndProjectSection
EndProject
Global
	GlobalSection(SolutionConfigurationPlatforms) = preSolution
		Debug|Any CPU = Debug|Any CPU
		Release|Any CPU = Release|Any CPU
	EndGlobalSection
	GlobalSection(ProjectConfigurationPlatforms) = postSolution
		{B7E5E424-9611-48C3-BA7A-CAD3FABC3A54}.Debug|Any CPU.ActiveCfg = Debug|Any CPU
		{B7E5E424-9611-48C3-BA7A-CAD3FABC3A54}.Debug|Any CPU.Build.0 = Debug|Any CPU
		{B7E5E424-9611-48C3-BA7A-CAD3FABC3A54}.Release|Any CPU.ActiveCfg = Release|Any CPU
		{B7E5E424-9611-48C3-BA7A-CAD3FABC3A54}.Release|Any CPU.Build.0 = Release|Any CPU
		{C4BB113D-82B3-4C79-86C2-7F471B4EEDB1}.Debug|Any CPU.ActiveCfg = Debug|Any CPU
		{C4BB113D-82B3-4C79-86C2-7F471B4EEDB1}.Debug|Any CPU.Build.0 = Debug|Any CPU
		{C4BB113D-82B3-4C79-86C2-7F471B4EEDB1}.Debug|Any CPU.Deploy.0 = Debug|Any CPU
		{C4BB113D-82B3-4C79-86C2-7F471B4EEDB1}.Release|Any CPU.ActiveCfg = Release|Any CPU
		{C4BB113D-82B3-4C79-86C2-7F471B4EEDB1}.Release|Any CPU.Build.0 = Release|Any CPU
		{C4BB113D-82B3-4C79-86C2-7F471B4EEDB1}.Release|Any CPU.Deploy.0 = Release|Any CPU
		{C12AF2A4-38BB-4F3B-9214-105BF8352AF2}.Debug|Any CPU.ActiveCfg = Debug|Any CPU
		{C12AF2A4-38BB-4F3B-9214-105BF8352AF2}.Debug|Any CPU.Build.0 = Debug|Any CPU
		{C12AF2A4-38BB-4F3B-9214-105BF8352AF2}.Release|Any CPU.ActiveCfg = Release|Any CPU
		{C12AF2A4-38BB-4F3B-9214-105BF8352AF2}.Release|Any CPU.Build.0 = Release|Any CPU
	EndGlobalSection
	GlobalSection(SolutionProperties) = preSolution
		HideSolutionNode = FALSE
	EndGlobalSection
	GlobalSection(ExtensibilityGlobals) = postSolution
		SolutionGuid = {42B8C448-A72A-4F4E-BB4B-E32107D7CA91}
	EndGlobalSection
EndGlobal
